{
	"name": "turitoyuenan",
	"version": "0.0.1",
	"lockfileVersion": 3,
	"requires": true,
	"packages": {
		"": {
			"name": "turitoyuenan",
			"version": "0.0.1",
			"dependencies": {
				"@catppuccin/palette": "^0.2.0"
			},
			"devDependencies": {
				"@sveltejs/adapter-auto": "^2.0.0",
				"@sveltejs/adapter-cloudflare": "^2.3.2",
				"@sveltejs/kit": "^1.20.4",
				"mdsvex": "^0.11.0",
				"prettier": "^2.8.0",
				"prettier-plugin-svelte": "^2.10.1",
				"sass": "^1.65.1",
				"svelte": "^4.0.5",
				"vite": "^4.4.2"
			}
		},
		"node_modules/@ampproject/remapping": {
			"version": "2.2.1",
			"dev": true,
			"license": "Apache-2.0",
			"dependencies": {
				"@jridgewell/gen-mapping": "^0.3.0",
				"@jridgewell/trace-mapping": "^0.3.9"
			},
			"engines": {
				"node": ">=6.0.0"
			}
		},
		"node_modules/@catppuccin/palette": {
			"version": "0.2.0",
			"resolved": "https://registry.npmjs.org/@catppuccin/palette/-/palette-0.2.0.tgz",
			"integrity": "sha512-PoAMQMEbL8fBEO80eusB+XQg+1i2kxQHw6COwBRC4bVWxWuRroZjm3K6bOdqPHNHKikDIV7wLi9hSG4NoD1FEQ==",
			"funding": [
				{
					"type": "opencollective",
					"url": "https://opencollective.com/catppuccin"
				},
				{
					"type": "github",
					"url": "https://github.com/sponsors/catppuccin"
				}
			]
		},
		"node_modules/@cloudflare/workers-types": {
			"version": "4.20230807.0",
			"resolved": "https://registry.npmjs.org/@cloudflare/workers-types/-/workers-types-4.20230807.0.tgz",
			"integrity": "sha512-gQczWuGE2rxmpzOCNn0zLbx8Xz0gqspdE9S7tu4Xax39q1csgO/E9flcS+KG3GHB522ugOh84inmABDhpeJnvQ==",
			"dev": true
		},
		"node_modules/@esbuild/win32-x64": {
			"version": "0.18.20",
			"cpu": [
				"x64"
			],
			"dev": true,
			"license": "MIT",
			"optional": true,
			"os": [
				"win32"
			],
			"engines": {
				"node": ">=12"
			}
		},
		"node_modules/@jridgewell/gen-mapping": {
			"version": "0.3.3",
			"dev": true,
			"license": "MIT",
			"dependencies": {
				"@jridgewell/set-array": "^1.0.1",
				"@jridgewell/sourcemap-codec": "^1.4.10",
				"@jridgewell/trace-mapping": "^0.3.9"
			},
			"engines": {
				"node": ">=6.0.0"
			}
		},
		"node_modules/@jridgewell/resolve-uri": {
			"version": "3.1.1",
			"dev": true,
			"license": "MIT",
			"engines": {
				"node": ">=6.0.0"
			}
		},
		"node_modules/@jridgewell/set-array": {
			"version": "1.1.2",
			"dev": true,
			"license": "MIT",
			"engines": {
				"node": ">=6.0.0"
			}
		},
		"node_modules/@jridgewell/sourcemap-codec": {
			"version": "1.4.15",
			"dev": true,
			"license": "MIT"
		},
		"node_modules/@jridgewell/trace-mapping": {
			"version": "0.3.19",
			"dev": true,
			"license": "MIT",
			"dependencies": {
				"@jridgewell/resolve-uri": "^3.1.0",
				"@jridgewell/sourcemap-codec": "^1.4.14"
			}
		},
		"node_modules/@polka/url": {
			"version": "1.0.0-next.21",
			"dev": true,
			"license": "MIT"
		},
		"node_modules/@sveltejs/adapter-auto": {
			"version": "2.1.0",
			"dev": true,
			"license": "MIT",
			"dependencies": {
				"import-meta-resolve": "^3.0.0"
			},
			"peerDependencies": {
				"@sveltejs/kit": "^1.0.0"
			}
		},
		"node_modules/@sveltejs/adapter-cloudflare": {
			"version": "2.3.2",
			"resolved": "https://registry.npmjs.org/@sveltejs/adapter-cloudflare/-/adapter-cloudflare-2.3.2.tgz",
			"integrity": "sha512-BpgFmVJInF2D0Uo41gJtvYyTiZ6P/xkfrQSqPHQOGYsjvFeW+1AjX/8MPIJ3VJyvbVgyRaVKMBsXWHADbAYatQ==",
			"dev": true,
			"dependencies": {
				"@cloudflare/workers-types": "^4.20230404.0",
				"esbuild": "^0.18.11",
				"worktop": "0.8.0-next.15"
			},
			"peerDependencies": {
				"@sveltejs/kit": "^1.0.0"
			}
		},
		"node_modules/@sveltejs/kit": {
			"version": "1.22.5",
			"dev": true,
			"hasInstallScript": true,
			"license": "MIT",
			"dependencies": {
				"@sveltejs/vite-plugin-svelte": "^2.4.1",
				"@types/cookie": "^0.5.1",
				"cookie": "^0.5.0",
				"devalue": "^4.3.1",
				"esm-env": "^1.0.0",
				"kleur": "^4.1.5",
				"magic-string": "^0.30.0",
				"mime": "^3.0.0",
				"sade": "^1.8.1",
				"set-cookie-parser": "^2.6.0",
				"sirv": "^2.0.2",
				"undici": "~5.23.0"
			},
			"bin": {
				"svelte-kit": "svelte-kit.js"
			},
			"engines": {
				"node": "^16.14 || >=18"
			},
			"peerDependencies": {
				"svelte": "^3.54.0 || ^4.0.0-next.0",
				"vite": "^4.0.0"
			}
		},
		"node_modules/@sveltejs/vite-plugin-svelte": {
			"version": "2.4.5",
			"dev": true,
			"license": "MIT",
			"dependencies": {
				"@sveltejs/vite-plugin-svelte-inspector": "^1.0.3",
				"debug": "^4.3.4",
				"deepmerge": "^4.3.1",
				"kleur": "^4.1.5",
				"magic-string": "^0.30.2",
				"svelte-hmr": "^0.15.3",
				"vitefu": "^0.2.4"
			},
			"engines": {
				"node": "^14.18.0 || >= 16"
			},
			"peerDependencies": {
				"svelte": "^3.54.0 || ^4.0.0",
				"vite": "^4.0.0"
			}
		},
		"node_modules/@sveltejs/vite-plugin-svelte-inspector": {
			"version": "1.0.3",
			"dev": true,
			"license": "MIT",
			"dependencies": {
				"debug": "^4.3.4"
			},
			"engines": {
				"node": "^14.18.0 || >= 16"
			},
			"peerDependencies": {
				"@sveltejs/vite-plugin-svelte": "^2.2.0",
				"svelte": "^3.54.0 || ^4.0.0",
				"vite": "^4.0.0"
			}
		},
		"node_modules/@types/cookie": {
			"version": "0.5.1",
			"dev": true,
			"license": "MIT"
		},
		"node_modules/@types/estree": {
			"version": "1.0.1",
			"dev": true,
			"license": "MIT"
		},
		"node_modules/@types/unist": {
			"version": "2.0.7",
			"resolved": "https://registry.npmjs.org/@types/unist/-/unist-2.0.7.tgz",
			"integrity": "sha512-cputDpIbFgLUaGQn6Vqg3/YsJwxUwHLO13v3i5ouxT4lat0khip9AEWxtERujXV9wxIB1EyF97BSJFt6vpdI8g==",
			"dev": true
		},
		"node_modules/acorn": {
			"version": "8.10.0",
			"dev": true,
			"license": "MIT",
			"bin": {
				"acorn": "bin/acorn"
			},
			"engines": {
				"node": ">=0.4.0"
			}
		},
		"node_modules/anymatch": {
			"version": "3.1.3",
			"resolved": "https://registry.npmjs.org/anymatch/-/anymatch-3.1.3.tgz",
			"integrity": "sha512-KMReFUr0B4t+D+OBkjR3KYqvocp2XaSzO55UcB6mgQMd3KbcE+mWTyvVV7D/zsdEbNnV6acZUutkiHQXvTr1Rw==",
			"dev": true,
			"dependencies": {
				"normalize-path": "^3.0.0",
				"picomatch": "^2.0.4"
			},
			"engines": {
				"node": ">= 8"
			}
		},
		"node_modules/aria-query": {
			"version": "5.3.0",
			"dev": true,
			"license": "Apache-2.0",
			"dependencies": {
				"dequal": "^2.0.3"
			}
		},
		"node_modules/axobject-query": {
			"version": "3.2.1",
			"dev": true,
			"license": "Apache-2.0",
			"dependencies": {
				"dequal": "^2.0.3"
			}
		},
		"node_modules/binary-extensions": {
			"version": "2.2.0",
			"resolved": "https://registry.npmjs.org/binary-extensions/-/binary-extensions-2.2.0.tgz",
			"integrity": "sha512-jDctJ/IVQbZoJykoeHbhXpOlNBqGNcwXJKJog42E5HDPUwQTSdjCHdihjj0DlnheQ7blbT6dHOafNAiS8ooQKA==",
			"dev": true,
			"engines": {
				"node": ">=8"
			}
		},
		"node_modules/braces": {
			"version": "3.0.2",
			"resolved": "https://registry.npmjs.org/braces/-/braces-3.0.2.tgz",
			"integrity": "sha512-b8um+L1RzM3WDSzvhm6gIz1yfTbBt6YTlcEKAvsmqCZZFw46z626lVj9j1yEPW33H5H+lBQpZMP1k8l+78Ha0A==",
			"dev": true,
			"dependencies": {
				"fill-range": "^7.0.1"
			},
			"engines": {
				"node": ">=8"
			}
		},
		"node_modules/busboy": {
			"version": "1.6.0",
			"dev": true,
			"dependencies": {
				"streamsearch": "^1.1.0"
			},
			"engines": {
				"node": ">=10.16.0"
			}
		},
		"node_modules/chokidar": {
			"version": "3.5.3",
			"resolved": "https://registry.npmjs.org/chokidar/-/chokidar-3.5.3.tgz",
			"integrity": "sha512-Dr3sfKRP6oTcjf2JmUmFJfeVMvXBdegxB0iVQ5eb2V10uFJUCAS8OByZdVAyVb8xXNz3GjjTgj9kLWsZTqE6kw==",
			"dev": true,
			"funding": [
				{
					"type": "individual",
					"url": "https://paulmillr.com/funding/"
				}
			],
			"dependencies": {
				"anymatch": "~3.1.2",
				"braces": "~3.0.2",
				"glob-parent": "~5.1.2",
				"is-binary-path": "~2.1.0",
				"is-glob": "~4.0.1",
				"normalize-path": "~3.0.0",
				"readdirp": "~3.6.0"
			},
			"engines": {
				"node": ">= 8.10.0"
			},
			"optionalDependencies": {
				"fsevents": "~2.3.2"
			}
		},
		"node_modules/code-red": {
			"version": "1.0.3",
			"dev": true,
			"license": "MIT",
			"dependencies": {
				"@jridgewell/sourcemap-codec": "^1.4.14",
				"@types/estree": "^1.0.0",
				"acorn": "^8.8.2",
				"estree-walker": "^3.0.3",
				"periscopic": "^3.1.0"
			}
		},
		"node_modules/cookie": {
			"version": "0.5.0",
			"dev": true,
			"license": "MIT",
			"engines": {
				"node": ">= 0.6"
			}
		},
		"node_modules/css-tree": {
			"version": "2.3.1",
			"dev": true,
			"license": "MIT",
			"dependencies": {
				"mdn-data": "2.0.30",
				"source-map-js": "^1.0.1"
			},
			"engines": {
				"node": "^10 || ^12.20.0 || ^14.13.0 || >=15.0.0"
			}
		},
		"node_modules/debug": {
			"version": "4.3.4",
			"dev": true,
			"license": "MIT",
			"dependencies": {
				"ms": "2.1.2"
			},
			"engines": {
				"node": ">=6.0"
			},
			"peerDependenciesMeta": {
				"supports-color": {
					"optional": true
				}
			}
		},
		"node_modules/deepmerge": {
			"version": "4.3.1",
			"dev": true,
			"license": "MIT",
			"engines": {
				"node": ">=0.10.0"
			}
		},
		"node_modules/dequal": {
			"version": "2.0.3",
			"dev": true,
			"license": "MIT",
			"engines": {
				"node": ">=6"
			}
		},
		"node_modules/devalue": {
			"version": "4.3.2",
			"dev": true,
			"license": "MIT"
		},
		"node_modules/esbuild": {
			"version": "0.18.20",
			"dev": true,
			"hasInstallScript": true,
			"license": "MIT",
			"bin": {
				"esbuild": "bin/esbuild"
			},
			"engines": {
				"node": ">=12"
			},
			"optionalDependencies": {
				"@esbuild/android-arm": "0.18.20",
				"@esbuild/android-arm64": "0.18.20",
				"@esbuild/android-x64": "0.18.20",
				"@esbuild/darwin-arm64": "0.18.20",
				"@esbuild/darwin-x64": "0.18.20",
				"@esbuild/freebsd-arm64": "0.18.20",
				"@esbuild/freebsd-x64": "0.18.20",
				"@esbuild/linux-arm": "0.18.20",
				"@esbuild/linux-arm64": "0.18.20",
				"@esbuild/linux-ia32": "0.18.20",
				"@esbuild/linux-loong64": "0.18.20",
				"@esbuild/linux-mips64el": "0.18.20",
				"@esbuild/linux-ppc64": "0.18.20",
				"@esbuild/linux-riscv64": "0.18.20",
				"@esbuild/linux-s390x": "0.18.20",
				"@esbuild/linux-x64": "0.18.20",
				"@esbuild/netbsd-x64": "0.18.20",
				"@esbuild/openbsd-x64": "0.18.20",
				"@esbuild/sunos-x64": "0.18.20",
				"@esbuild/win32-arm64": "0.18.20",
				"@esbuild/win32-ia32": "0.18.20",
				"@esbuild/win32-x64": "0.18.20"
			}
		},
		"node_modules/esm-env": {
			"version": "1.0.0",
			"dev": true,
			"license": "MIT"
		},
		"node_modules/estree-walker": {
			"version": "3.0.3",
			"dev": true,
			"license": "MIT",
			"dependencies": {
				"@types/estree": "^1.0.0"
			}
		},
		"node_modules/fill-range": {
			"version": "7.0.1",
			"resolved": "https://registry.npmjs.org/fill-range/-/fill-range-7.0.1.tgz",
			"integrity": "sha512-qOo9F+dMUmC2Lcb4BbVvnKJxTPjCm+RRpe4gDuGrzkL7mEVl/djYSu2OdQ2Pa302N4oqkSg9ir6jaLWJ2USVpQ==",
			"dev": true,
			"dependencies": {
				"to-regex-range": "^5.0.1"
			},
			"engines": {
				"node": ">=8"
			}
		},
		"node_modules/fsevents": {
			"version": "2.3.2",
			"resolved": "https://registry.npmjs.org/fsevents/-/fsevents-2.3.2.tgz",
			"integrity": "sha512-xiqMQR4xAeHTuB9uWm+fFRcIOgKBMiOBP+eXiyT7jsgVCq1bkVygt00oASowB7EdtpOHaaPgKt812P9ab+DDKA==",
			"dev": true,
			"hasInstallScript": true,
			"optional": true,
			"os": [
				"darwin"
			],
			"engines": {
				"node": "^8.16.0 || ^10.6.0 || >=11.0.0"
			}
		},
		"node_modules/glob-parent": {
			"version": "5.1.2",
			"resolved": "https://registry.npmjs.org/glob-parent/-/glob-parent-5.1.2.tgz",
			"integrity": "sha512-AOIgSQCepiJYwP3ARnGx+5VnTu2HBYdzbGP45eLw1vr3zB3vZLeyed1sC9hnbcOc9/SrMyM5RPQrkGz4aS9Zow==",
			"dev": true,
			"dependencies": {
				"is-glob": "^4.0.1"
			},
			"engines": {
				"node": ">= 6"
			}
		},
		"node_modules/immutable": {
			"version": "4.3.2",
			"resolved": "https://registry.npmjs.org/immutable/-/immutable-4.3.2.tgz",
			"integrity": "sha512-oGXzbEDem9OOpDWZu88jGiYCvIsLHMvGw+8OXlpsvTFvIQplQbjg1B1cvKg8f7Hoch6+NGjpPsH1Fr+Mc2D1aA==",
			"dev": true
		},
		"node_modules/import-meta-resolve": {
			"version": "3.0.0",
			"dev": true,
			"license": "MIT",
			"funding": {
				"type": "github",
				"url": "https://github.com/sponsors/wooorm"
			}
		},
		"node_modules/is-binary-path": {
			"version": "2.1.0",
			"resolved": "https://registry.npmjs.org/is-binary-path/-/is-binary-path-2.1.0.tgz",
			"integrity": "sha512-ZMERYes6pDydyuGidse7OsHxtbI7WVeUEozgR/g7rd0xUimYNlvZRE/K2MgZTjWy725IfelLeVcEM97mmtRGXw==",
			"dev": true,
			"dependencies": {
				"binary-extensions": "^2.0.0"
			},
			"engines": {
				"node": ">=8"
			}
		},
		"node_modules/is-extglob": {
			"version": "2.1.1",
			"resolved": "https://registry.npmjs.org/is-extglob/-/is-extglob-2.1.1.tgz",
			"integrity": "sha512-SbKbANkN603Vi4jEZv49LeVJMn4yGwsbzZworEoyEiutsN3nJYdbO36zfhGJ6QEDpOZIFkDtnq5JRxmvl3jsoQ==",
			"dev": true,
			"engines": {
				"node": ">=0.10.0"
			}
		},
		"node_modules/is-glob": {
			"version": "4.0.3",
			"resolved": "https://registry.npmjs.org/is-glob/-/is-glob-4.0.3.tgz",
			"integrity": "sha512-xelSayHH36ZgE7ZWhli7pW34hNbNl8Ojv5KVmkJD4hBdD3th8Tfk9vYasLM+mXWOZhFkgZfxhLSnrwRr4elSSg==",
			"dev": true,
			"dependencies": {
				"is-extglob": "^2.1.1"
			},
			"engines": {
				"node": ">=0.10.0"
			}
		},
		"node_modules/is-number": {
			"version": "7.0.0",
			"resolved": "https://registry.npmjs.org/is-number/-/is-number-7.0.0.tgz",
			"integrity": "sha512-41Cifkg6e8TylSpdtTpeLVMqvSBEVzTttHvERD741+pnZ8ANv0004MRL43QKPDlK9cGvNp6NZWZUBlbGXYxxng==",
			"dev": true,
			"engines": {
				"node": ">=0.12.0"
			}
		},
		"node_modules/is-reference": {
			"version": "3.0.1",
			"dev": true,
			"license": "MIT",
			"dependencies": {
				"@types/estree": "*"
			}
		},
		"node_modules/kleur": {
			"version": "4.1.5",
			"dev": true,
			"license": "MIT",
			"engines": {
				"node": ">=6"
			}
		},
		"node_modules/locate-character": {
			"version": "3.0.0",
			"dev": true,
			"license": "MIT"
		},
		"node_modules/magic-string": {
			"version": "0.30.2",
			"dev": true,
			"license": "MIT",
			"dependencies": {
				"@jridgewell/sourcemap-codec": "^1.4.15"
			},
			"engines": {
				"node": ">=12"
			}
		},
		"node_modules/mdn-data": {
			"version": "2.0.30",
			"dev": true,
			"license": "CC0-1.0"
		},
		"node_modules/mdsvex": {
			"version": "0.11.0",
			"resolved": "https://registry.npmjs.org/mdsvex/-/mdsvex-0.11.0.tgz",
			"integrity": "sha512-gJF1s0N2nCmdxcKn8HDn0LKrN8poStqAicp6bBcsKFd/zkUBGLP5e7vnxu+g0pjBbDFOscUyI1mtHz+YK2TCDw==",
			"dev": true,
			"dependencies": {
				"@types/unist": "^2.0.3",
				"prism-svelte": "^0.4.7",
				"prismjs": "^1.17.1",
				"vfile-message": "^2.0.4"
			},
			"peerDependencies": {
				"svelte": ">=3 <5"
			}
		},
		"node_modules/mime": {
			"version": "3.0.0",
			"dev": true,
			"license": "MIT",
			"bin": {
				"mime": "cli.js"
			},
			"engines": {
				"node": ">=10.0.0"
			}
		},
		"node_modules/mri": {
			"version": "1.2.0",
			"dev": true,
			"license": "MIT",
			"engines": {
				"node": ">=4"
			}
		},
		"node_modules/mrmime": {
			"version": "1.0.1",
			"dev": true,
			"license": "MIT",
			"engines": {
				"node": ">=10"
			}
		},
		"node_modules/ms": {
			"version": "2.1.2",
			"dev": true,
			"license": "MIT"
		},
		"node_modules/nanoid": {
			"version": "3.3.6",
			"dev": true,
			"funding": [
				{
					"type": "github",
					"url": "https://github.com/sponsors/ai"
				}
			],
			"license": "MIT",
			"bin": {
				"nanoid": "bin/nanoid.cjs"
			},
			"engines": {
				"node": "^10 || ^12 || ^13.7 || ^14 || >=15.0.1"
			}
		},
		"node_modules/normalize-path": {
			"version": "3.0.0",
			"resolved": "https://registry.npmjs.org/normalize-path/-/normalize-path-3.0.0.tgz",
			"integrity": "sha512-6eZs5Ls3WtCisHWp9S2GUy8dqkpGi4BVSz3GaqiE6ezub0512ESztXUwUB6C6IKbQkY2Pnb/mD4WYojCRwcwLA==",
			"dev": true,
			"engines": {
				"node": ">=0.10.0"
			}
		},
		"node_modules/periscopic": {
			"version": "3.1.0",
			"dev": true,
			"license": "MIT",
			"dependencies": {
				"@types/estree": "^1.0.0",
				"estree-walker": "^3.0.0",
				"is-reference": "^3.0.0"
			}
		},
		"node_modules/picocolors": {
			"version": "1.0.0",
			"dev": true,
			"license": "ISC"
		},
		"node_modules/picomatch": {
			"version": "2.3.1",
			"resolved": "https://registry.npmjs.org/picomatch/-/picomatch-2.3.1.tgz",
			"integrity": "sha512-JU3teHTNjmE2VCGFzuY8EXzCDVwEqB2a8fsIvwaStHhAWJEeVd1o1QD80CU6+ZdEXXSLbSsuLwJjkCBWqRQUVA==",
			"dev": true,
			"engines": {
				"node": ">=8.6"
			},
			"funding": {
				"url": "https://github.com/sponsors/jonschlinkert"
			}
		},
		"node_modules/postcss": {
			"version": "8.4.27",
			"dev": true,
			"funding": [
				{
					"type": "opencollective",
					"url": "https://opencollective.com/postcss/"
				},
				{
					"type": "tidelift",
					"url": "https://tidelift.com/funding/github/npm/postcss"
				},
				{
					"type": "github",
					"url": "https://github.com/sponsors/ai"
				}
			],
			"license": "MIT",
			"dependencies": {
				"nanoid": "^3.3.6",
				"picocolors": "^1.0.0",
				"source-map-js": "^1.0.2"
			},
			"engines": {
				"node": "^10 || ^12 || >=14"
			}
		},
		"node_modules/prettier": {
			"version": "2.8.8",
			"dev": true,
			"license": "MIT",
			"bin": {
				"prettier": "bin-prettier.js"
			},
			"engines": {
				"node": ">=10.13.0"
			},
			"funding": {
				"url": "https://github.com/prettier/prettier?sponsor=1"
			}
		},
		"node_modules/prettier-plugin-svelte": {
			"version": "2.10.1",
			"dev": true,
			"license": "MIT",
			"peerDependencies": {
				"prettier": "^1.16.4 || ^2.0.0",
				"svelte": "^3.2.0 || ^4.0.0-next.0"
			}
		},
		"node_modules/prism-svelte": {
			"version": "0.4.7",
			"resolved": "https://registry.npmjs.org/prism-svelte/-/prism-svelte-0.4.7.tgz",
			"integrity": "sha512-yABh19CYbM24V7aS7TuPYRNMqthxwbvx6FF/Rw920YbyBWO3tnyPIqRMgHuSVsLmuHkkBS1Akyof463FVdkeDQ==",
			"dev": true
		},
		"node_modules/prismjs": {
			"version": "1.29.0",
			"resolved": "https://registry.npmjs.org/prismjs/-/prismjs-1.29.0.tgz",
			"integrity": "sha512-Kx/1w86q/epKcmte75LNrEoT+lX8pBpavuAbvJWRXar7Hz8jrtF+e3vY751p0R8H9HdArwaCTNDDzHg/ScJK1Q==",
			"dev": true,
			"engines": {
				"node": ">=6"
			}
		},
		"node_modules/readdirp": {
			"version": "3.6.0",
			"resolved": "https://registry.npmjs.org/readdirp/-/readdirp-3.6.0.tgz",
			"integrity": "sha512-hOS089on8RduqdbhvQ5Z37A0ESjsqz6qnRcffsMU3495FuTdqSm+7bhJ29JvIOsBDEEnan5DPu9t3To9VRlMzA==",
			"dev": true,
			"dependencies": {
				"picomatch": "^2.2.1"
			},
			"engines": {
				"node": ">=8.10.0"
			}
		},
		"node_modules/regexparam": {
			"version": "2.0.1",
			"resolved": "https://registry.npmjs.org/regexparam/-/regexparam-2.0.1.tgz",
			"integrity": "sha512-zRgSaYemnNYxUv+/5SeoHI0eJIgTL/A2pUtXUPLHQxUldagouJ9p+K6IbIZ/JiQuCEv2E2B1O11SjVQy3aMCkw==",
			"dev": true,
			"engines": {
				"node": ">=8"
			}
		},
		"node_modules/rollup": {
			"version": "3.28.0",
			"dev": true,
			"license": "MIT",
			"bin": {
				"rollup": "dist/bin/rollup"
			},
			"engines": {
				"node": ">=14.18.0",
				"npm": ">=8.0.0"
			},
			"optionalDependencies": {
				"fsevents": "~2.3.2"
			}
		},
		"node_modules/sade": {
			"version": "1.8.1",
			"dev": true,
			"license": "MIT",
			"dependencies": {
				"mri": "^1.1.0"
			},
			"engines": {
				"node": ">=6"
			}
		},
		"node_modules/sass": {
			"version": "1.65.1",
			"resolved": "https://registry.npmjs.org/sass/-/sass-1.65.1.tgz",
			"integrity": "sha512-9DINwtHmA41SEd36eVPQ9BJKpn7eKDQmUHmpI0y5Zv2Rcorrh0zS+cFrt050hdNbmmCNKTW3hV5mWfuegNRsEA==",
			"dev": true,
			"dependencies": {
				"chokidar": ">=3.0.0 <4.0.0",
				"immutable": "^4.0.0",
				"source-map-js": ">=0.6.2 <2.0.0"
			},
			"bin": {
				"sass": "sass.js"
			},
			"engines": {
				"node": ">=14.0.0"
			}
		},
		"node_modules/set-cookie-parser": {
			"version": "2.6.0",
			"dev": true,
			"license": "MIT"
		},
		"node_modules/sirv": {
			"version": "2.0.3",
			"dev": true,
			"license": "MIT",
			"dependencies": {
				"@polka/url": "^1.0.0-next.20",
				"mrmime": "^1.0.0",
				"totalist": "^3.0.0"
			},
			"engines": {
				"node": ">= 10"
			}
		},
		"node_modules/source-map-js": {
			"version": "1.0.2",
			"dev": true,
			"license": "BSD-3-Clause",
			"engines": {
				"node": ">=0.10.0"
			}
		},
		"node_modules/streamsearch": {
			"version": "1.1.0",
			"dev": true,
			"engines": {
				"node": ">=10.0.0"
			}
		},
		"node_modules/svelte": {
			"version": "4.1.2",
			"dev": true,
			"license": "MIT",
			"dependencies": {
				"@ampproject/remapping": "^2.2.1",
				"@jridgewell/sourcemap-codec": "^1.4.15",
				"@jridgewell/trace-mapping": "^0.3.18",
				"acorn": "^8.9.0",
				"aria-query": "^5.3.0",
				"axobject-query": "^3.2.1",
				"code-red": "^1.0.3",
				"css-tree": "^2.3.1",
				"estree-walker": "^3.0.3",
				"is-reference": "^3.0.1",
				"locate-character": "^3.0.0",
				"magic-string": "^0.30.0",
				"periscopic": "^3.1.0"
			},
			"engines": {
				"node": ">=16"
			}
		},
		"node_modules/svelte-hmr": {
			"version": "0.15.3",
			"dev": true,
			"license": "ISC",
			"engines": {
				"node": "^12.20 || ^14.13.1 || >= 16"
			},
			"peerDependencies": {
				"svelte": "^3.19.0 || ^4.0.0"
			}
		},
		"node_modules/to-regex-range": {
			"version": "5.0.1",
			"resolved": "https://registry.npmjs.org/to-regex-range/-/to-regex-range-5.0.1.tgz",
			"integrity": "sha512-65P7iz6X5yEr1cwcgvQxbbIw7Uk3gOy5dIdtZ4rDveLqhrdJP+Li/Hx6tyK0NEb+2GCyneCMJiGqrADCSNk8sQ==",
			"dev": true,
			"dependencies": {
				"is-number": "^7.0.0"
			},
			"engines": {
				"node": ">=8.0"
			}
		},
		"node_modules/totalist": {
			"version": "3.0.1",
			"dev": true,
			"license": "MIT",
			"engines": {
				"node": ">=6"
			}
		},
		"node_modules/undici": {
			"version": "5.23.0",
			"dev": true,
			"license": "MIT",
			"dependencies": {
				"busboy": "^1.6.0"
			},
			"engines": {
				"node": ">=14.0"
			}
		},
		"node_modules/unist-util-stringify-position": {
			"version": "2.0.3",
			"resolved": "https://registry.npmjs.org/unist-util-stringify-position/-/unist-util-stringify-position-2.0.3.tgz",
			"integrity": "sha512-3faScn5I+hy9VleOq/qNbAd6pAx7iH5jYBMS9I1HgQVijz/4mv5Bvw5iw1sC/90CODiKo81G/ps8AJrISn687g==",
			"dev": true,
			"dependencies": {
				"@types/unist": "^2.0.2"
			},
			"funding": {
				"type": "opencollective",
				"url": "https://opencollective.com/unified"
			}
		},
		"node_modules/vfile-message": {
			"version": "2.0.4",
			"resolved": "https://registry.npmjs.org/vfile-message/-/vfile-message-2.0.4.tgz",
			"integrity": "sha512-DjssxRGkMvifUOJre00juHoP9DPWuzjxKuMDrhNbk2TdaYYBNMStsNhEOt3idrtI12VQYM/1+iM0KOzXi4pxwQ==",
			"dev": true,
			"dependencies": {
				"@types/unist": "^2.0.0",
				"unist-util-stringify-position": "^2.0.0"
			},
			"funding": {
				"type": "opencollective",
				"url": "https://opencollective.com/unified"
			}
		},
		"node_modules/vite": {
			"version": "4.4.9",
			"dev": true,
			"license": "MIT",
			"dependencies": {
				"esbuild": "^0.18.10",
				"postcss": "^8.4.27",
				"rollup": "^3.27.1"
			},
			"bin": {
				"vite": "bin/vite.js"
			},
			"engines": {
				"node": "^14.18.0 || >=16.0.0"
			},
			"funding": {
				"url": "https://github.com/vitejs/vite?sponsor=1"
			},
			"optionalDependencies": {
				"fsevents": "~2.3.2"
			},
			"peerDependencies": {
				"@types/node": ">= 14",
				"less": "*",
				"lightningcss": "^1.21.0",
				"sass": "*",
				"stylus": "*",
				"sugarss": "*",
				"terser": "^5.4.0"
			},
			"peerDependenciesMeta": {
				"@types/node": {
					"optional": true
				},
				"less": {
					"optional": true
				},
				"lightningcss": {
					"optional": true
				},
				"sass": {
					"optional": true
				},
				"stylus": {
					"optional": true
				},
				"sugarss": {
					"optional": true
				},
				"terser": {
					"optional": true
				}
			}
		},
		"node_modules/vitefu": {
			"version": "0.2.4",
			"dev": true,
			"license": "MIT",
			"peerDependencies": {
				"vite": "^3.0.0 || ^4.0.0"
			},
			"peerDependenciesMeta": {
				"vite": {
					"optional": true
				}
			}
		},
		"node_modules/worktop": {
			"version": "0.8.0-next.15",
			"resolved": "https://registry.npmjs.org/worktop/-/worktop-0.8.0-next.15.tgz",
			"integrity": "sha512-0ycNO52P6nVwsjr1y20zuf0nqJatAb8L7MODBfQIxbxndHV5O4s50oZZMHWhJG1RLpHwbK0Epq8aaQK4E2GlgQ==",
			"dev": true,
			"dependencies": {
				"mrmime": "^1.0.0",
				"regexparam": "^2.0.0"
			},
			"engines": {
				"node": ">=12"
			}
		}
	}
}
